
Microsoft Visual Studio Solution File, Format Version 11.00
# Visual C# Express 2010
Project("{FAE04EC0-301F-11D3-BF4B-00C04F79EFBC}") = "Snake", "Snake\Snake\Snake.csproj", "{D52B42CF-85B7-4573-BDAA-FCB36D953D04}"
EndProject
Project("{96E2B04D-8817-42C6-938A-82C39BA4D311}") = "SnakeContent", "Snake\SnakeContent\SnakeContent.contentproj", "{C7F0F99C-F9B4-4CFE-BE69-1C5BFED3AD46}"
EndProject
Global
	GlobalSection(SolutionConfigurationPlatforms) = preSolution
		Debug|x86 = Debug|x86
		Release|x86 = Release|x86
	EndGlobalSection
	GlobalSection(ProjectConfigurationPlatforms) = postSolution
		{D52B42CF-85B7-4573-BDAA-FCB36D953D04}.Debug|x86.ActiveCfg = Debug|x86
		{D52B42CF-85B7-4573-BDAA-FCB36D953D04}.Debug|x86.Build.0 = Debug|x86
		{D52B42CF-85B7-4573-BDAA-FCB36D953D04}.Release|x86.ActiveCfg = Release|x86
		{D52B42CF-85B7-4573-BDAA-FCB36D953D04}.Release|x86.Build.0 = Release|x86
		{C7F0F99C-F9B4-4CFE-BE69-1C5BFED3AD46}.Debug|x86.ActiveCfg = Debug|x86
		{C7F0F99C-F9B4-4CFE-BE69-1C5BFED3AD46}.Release|x86.ActiveCfg = Release|x86
	EndGlobalSection
	GlobalSection(SolutionProperties) = preSolution
		HideSolutionNode = FALSE
	EndGlobalSection
EndGlobal
