
Microsoft Visual Studio Solution File, Format Version 11.00
# Visual C# Express 2010
Project("{FAE04EC0-301F-11D3-BF4B-00C04F79EFBC}") = "3D-Erde", "3D-Erde\3D-Erde\3D-Erde.csproj", "{51E043A7-A5FD-4D53-BA2B-EE14272E31BF}"
EndProject
Project("{96E2B04D-8817-42C6-938A-82C39BA4D311}") = "3D-ErdeContent", "3D-Erde\3D-ErdeContent\3D-ErdeContent.contentproj", "{CEE313CE-7E71-4290-9768-DF2C8AF46A0E}"
EndProject
Global
	GlobalSection(SolutionConfigurationPlatforms) = preSolution
		Debug|x86 = Debug|x86
		Release|x86 = Release|x86
	EndGlobalSection
	GlobalSection(ProjectConfigurationPlatforms) = postSolution
		{51E043A7-A5FD-4D53-BA2B-EE14272E31BF}.Debug|x86.ActiveCfg = Debug|x86
		{51E043A7-A5FD-4D53-BA2B-EE14272E31BF}.Debug|x86.Build.0 = Debug|x86
		{51E043A7-A5FD-4D53-BA2B-EE14272E31BF}.Release|x86.ActiveCfg = Release|x86
		{51E043A7-A5FD-4D53-BA2B-EE14272E31BF}.Release|x86.Build.0 = Release|x86
		{CEE313CE-7E71-4290-9768-DF2C8AF46A0E}.Debug|x86.ActiveCfg = Debug|x86
		{CEE313CE-7E71-4290-9768-DF2C8AF46A0E}.Release|x86.ActiveCfg = Release|x86
	EndGlobalSection
	GlobalSection(SolutionProperties) = preSolution
		HideSolutionNode = FALSE
	EndGlobalSection
EndGlobal
