
Microsoft Visual Studio Solution File, Format Version 11.00
# Visual C# Express 2010
Project("{FAE04EC0-301F-11D3-BF4B-00C04F79EFBC}") = "Stämme", "Stämme\Stämme\Stämme.csproj", "{D307A731-E165-40CE-8BBE-ED912E274288}"
EndProject
Project("{96E2B04D-8817-42C6-938A-82C39BA4D311}") = "StämmeContent", "Stämme\StämmeContent\StämmeContent.contentproj", "{E64A69FF-DD62-4898-B410-9EEF2235DCD3}"
EndProject
Global
	GlobalSection(SolutionConfigurationPlatforms) = preSolution
		Debug|x86 = Debug|x86
		Release|x86 = Release|x86
	EndGlobalSection
	GlobalSection(ProjectConfigurationPlatforms) = postSolution
		{D307A731-E165-40CE-8BBE-ED912E274288}.Debug|x86.ActiveCfg = Debug|x86
		{D307A731-E165-40CE-8BBE-ED912E274288}.Debug|x86.Build.0 = Debug|x86
		{D307A731-E165-40CE-8BBE-ED912E274288}.Release|x86.ActiveCfg = Release|x86
		{D307A731-E165-40CE-8BBE-ED912E274288}.Release|x86.Build.0 = Release|x86
		{E64A69FF-DD62-4898-B410-9EEF2235DCD3}.Debug|x86.ActiveCfg = Debug|x86
		{E64A69FF-DD62-4898-B410-9EEF2235DCD3}.Release|x86.ActiveCfg = Release|x86
	EndGlobalSection
	GlobalSection(SolutionProperties) = preSolution
		HideSolutionNode = FALSE
	EndGlobalSection
EndGlobal
