
Microsoft Visual Studio Solution File, Format Version 11.00
# Visual C# Express 2010
Project("{FAE04EC0-301F-11D3-BF4B-00C04F79EFBC}") = "Series3D1", "Series3D1\Series3D1\Series3D1.csproj", "{D04973C4-CDC7-4F33-8754-690A8B4D07C8}"
EndProject
Project("{96E2B04D-8817-42C6-938A-82C39BA4D311}") = "Series3D1Content", "Series3D1\Series3D1Content\Series3D1Content.contentproj", "{51FC0B8A-0DFE-4BAB-B812-D36D6D0FD715}"
EndProject
Global
	GlobalSection(SolutionConfigurationPlatforms) = preSolution
		Debug|x86 = Debug|x86
		Release|x86 = Release|x86
	EndGlobalSection
	GlobalSection(ProjectConfigurationPlatforms) = postSolution
		{D04973C4-CDC7-4F33-8754-690A8B4D07C8}.Debug|x86.ActiveCfg = Debug|x86
		{D04973C4-CDC7-4F33-8754-690A8B4D07C8}.Debug|x86.Build.0 = Debug|x86
		{D04973C4-CDC7-4F33-8754-690A8B4D07C8}.Release|x86.ActiveCfg = Release|x86
		{D04973C4-CDC7-4F33-8754-690A8B4D07C8}.Release|x86.Build.0 = Release|x86
		{51FC0B8A-0DFE-4BAB-B812-D36D6D0FD715}.Debug|x86.ActiveCfg = Debug|x86
		{51FC0B8A-0DFE-4BAB-B812-D36D6D0FD715}.Release|x86.ActiveCfg = Release|x86
	EndGlobalSection
	GlobalSection(SolutionProperties) = preSolution
		HideSolutionNode = FALSE
	EndGlobalSection
EndGlobal
